PODS:
  - SDWebImage (5.13.3):
    - SDWebImage/Core (= 5.13.3)
  - SDWebImage/Core (5.13.3)

DEPENDENCIES:
  - SDWebImage

SPEC REPOS:
  trunk:
    - SDWebImage

SPEC CHECKSUMS:
  SDWebImage: af5bbffef2cde09f148d826f9733dcde1a9414cd

PODFILE CHECKSUM: d6a4894ac327ab88f4e57ffc4673172f1884885d

COCOAPODS: 1.11.3
