// !$*UTF8*$!
{
	archiveVersion = 1;
	classes = {
	};
	objectVersion = 55;
	objects = {

/* Begin PBXBuildFile section */
		6225A5AB28F8B8FB00B0B396 /* AppDetailController.swift in Sources */ = {isa = PBXBuildFile; fileRef = 6225A5AA28F8B8FB00B0B396 /* AppDetailController.swift */; };
		622BDC7728E25D1D0018067A /* AppsPageController.swift in Sources */ = {isa = PBXBuildFile; fileRef = 622BDC7628E25D1D0018067A /* AppsPageController.swift */; };
		622BDC7928E25E340018067A /* BaseListController.swift in Sources */ = {isa = PBXBuildFile; fileRef = 622BDC7828E25E340018067A /* BaseListController.swift */; };
		6230239B28CE1AD000E8014B /* 05_UIView+Layout.swift in Sources */ = {isa = PBXBuildFile; fileRef = 6230239A28CE1AD000E8014B /* 05_UIView+Layout.swift */; };
		6230239D28CE1B2000E8014B /* SearchResultCell.swift in Sources */ = {isa = PBXBuildFile; fileRef = 6230239C28CE1B2000E8014B /* SearchResultCell.swift */; };
		62395ED328D9031B006B222F /* Service.swift in Sources */ = {isa = PBXBuildFile; fileRef = 62395ED228D9031B006B222F /* Service.swift */; };
		623A03FA28C697AC00816000 /* AppDelegate.swift in Sources */ = {isa = PBXBuildFile; fileRef = 623A03F928C697AC00816000 /* AppDelegate.swift */; };
		623A03FE28C697AC00816000 /* ViewController.swift in Sources */ = {isa = PBXBuildFile; fileRef = 623A03FD28C697AC00816000 /* ViewController.swift */; };
		623A040128C697AC00816000 /* Main.storyboard in Resources */ = {isa = PBXBuildFile; fileRef = 623A03FF28C697AC00816000 /* Main.storyboard */; };
		623A040328C697AD00816000 /* Assets.xcassets in Resources */ = {isa = PBXBuildFile; fileRef = 623A040228C697AD00816000 /* Assets.xcassets */; };
		623A040628C697AD00816000 /* LaunchScreen.storyboard in Resources */ = {isa = PBXBuildFile; fileRef = 623A040428C697AD00816000 /* LaunchScreen.storyboard */; };
		623A040E28C6983F00816000 /* BaseTabBarController.swift in Sources */ = {isa = PBXBuildFile; fileRef = 623A040D28C6983F00816000 /* BaseTabBarController.swift */; };
		623AA1B128C933AF00D5FA46 /* AppSearchController.swift in Sources */ = {isa = PBXBuildFile; fileRef = 623AA1B028C933AF00D5FA46 /* AppSearchController.swift */; };
		6247CB2128E4EB340034A5D8 /* AppsGroupCell.swift in Sources */ = {isa = PBXBuildFile; fileRef = 6247CB2028E4EB340034A5D8 /* AppsGroupCell.swift */; };
		6247CB2328E4F05F0034A5D8 /* AppsHorizontalController.swift in Sources */ = {isa = PBXBuildFile; fileRef = 6247CB2228E4F05F0034A5D8 /* AppsHorizontalController.swift */; };
		624CF0B328E8A0E00024BFFC /* AppsPageHeader.swift in Sources */ = {isa = PBXBuildFile; fileRef = 624CF0B228E8A0E00024BFFC /* AppsPageHeader.swift */; };
		624CF0B528E8D5150024BFFC /* AppsHeaderHorizontalController.swift in Sources */ = {isa = PBXBuildFile; fileRef = 624CF0B428E8D5150024BFFC /* AppsHeaderHorizontalController.swift */; };
		624CF0B728E8DC630024BFFC /* AppsHeaderCell.swift in Sources */ = {isa = PBXBuildFile; fileRef = 624CF0B628E8DC630024BFFC /* AppsHeaderCell.swift */; };
		624CF0B928E9E26D0024BFFC /* AppGroup.swift in Sources */ = {isa = PBXBuildFile; fileRef = 624CF0B828E9E26D0024BFFC /* AppGroup.swift */; };
		625158EF28F2E678009BC36A /* SocialApp.swift in Sources */ = {isa = PBXBuildFile; fileRef = 625158EE28F2E678009BC36A /* SocialApp.swift */; };
		625158F128F7362C009BC36A /* HorizontalSnappingController.swift in Sources */ = {isa = PBXBuildFile; fileRef = 625158F028F7362C009BC36A /* HorizontalSnappingController.swift */; };
		625158F328F73D30009BC36A /* BetterSnappingLayout.swift in Sources */ = {isa = PBXBuildFile; fileRef = 625158F228F73D30009BC36A /* BetterSnappingLayout.swift */; };
		6251EE9D28E638240025EEBA /* AppRowCell.swift in Sources */ = {isa = PBXBuildFile; fileRef = 6251EE9C28E638240025EEBA /* AppRowCell.swift */; };
		6251EE9F28E639060025EEBA /* Extensions.swift in Sources */ = {isa = PBXBuildFile; fileRef = 6251EE9E28E639060025EEBA /* Extensions.swift */; };
		62536FF428D5F5A90098E39C /* VerticalStackView.swift in Sources */ = {isa = PBXBuildFile; fileRef = 62536FF328D5F5A90098E39C /* VerticalStackView.swift */; };
		62536FF728D717660098E39C /* SearchResult.swift in Sources */ = {isa = PBXBuildFile; fileRef = 62536FF628D717660098E39C /* SearchResult.swift */; };
		C1773B459DF2589245FE9E31 /* Pods_StoreApp.framework in Frameworks */ = {isa = PBXBuildFile; fileRef = 983F9DA7424E60CDFEE2F563 /* Pods_StoreApp.framework */; };
/* End PBXBuildFile section */

/* Begin PBXFileReference section */
		21826B411E57A8C2DD3D0989 /* Pods-StoreApp.release.xcconfig */ = {isa = PBXFileReference; includeInIndex = 1; lastKnownFileType = text.xcconfig; name = "Pods-StoreApp.release.xcconfig"; path = "Target Support Files/Pods-StoreApp/Pods-StoreApp.release.xcconfig"; sourceTree = "<group>"; };
		5F393FD865A755A81493FBBF /* Pods-StoreApp.debug.xcconfig */ = {isa = PBXFileReference; includeInIndex = 1; lastKnownFileType = text.xcconfig; name = "Pods-StoreApp.debug.xcconfig"; path = "Target Support Files/Pods-StoreApp/Pods-StoreApp.debug.xcconfig"; sourceTree = "<group>"; };
		6225A5AA28F8B8FB00B0B396 /* AppDetailController.swift */ = {isa = PBXFileReference; lastKnownFileType = sourcecode.swift; path = AppDetailController.swift; sourceTree = "<group>"; };
		622BDC7628E25D1D0018067A /* AppsPageController.swift */ = {isa = PBXFileReference; lastKnownFileType = sourcecode.swift; path = AppsPageController.swift; sourceTree = "<group>"; };
		622BDC7828E25E340018067A /* BaseListController.swift */ = {isa = PBXFileReference; lastKnownFileType = sourcecode.swift; path = BaseListController.swift; sourceTree = "<group>"; };
		6230239A28CE1AD000E8014B /* 05_UIView+Layout.swift */ = {isa = PBXFileReference; fileEncoding = 4; lastKnownFileType = sourcecode.swift; path = "05_UIView+Layout.swift"; sourceTree = "<group>"; };
		6230239C28CE1B2000E8014B /* SearchResultCell.swift */ = {isa = PBXFileReference; fileEncoding = 4; lastKnownFileType = sourcecode.swift; path = SearchResultCell.swift; sourceTree = "<group>"; };
		62395ED228D9031B006B222F /* Service.swift */ = {isa = PBXFileReference; lastKnownFileType = sourcecode.swift; path = Service.swift; sourceTree = "<group>"; };
		623A03F628C697AC00816000 /* StoreApp.app */ = {isa = PBXFileReference; explicitFileType = wrapper.application; includeInIndex = 0; path = StoreApp.app; sourceTree = BUILT_PRODUCTS_DIR; };
		623A03F928C697AC00816000 /* AppDelegate.swift */ = {isa = PBXFileReference; lastKnownFileType = sourcecode.swift; path = AppDelegate.swift; sourceTree = "<group>"; };
		623A03FD28C697AC00816000 /* ViewController.swift */ = {isa = PBXFileReference; lastKnownFileType = sourcecode.swift; path = ViewController.swift; sourceTree = "<group>"; };
		623A040028C697AC00816000 /* Base */ = {isa = PBXFileReference; lastKnownFileType = file.storyboard; name = Base; path = Base.lproj/Main.storyboard; sourceTree = "<group>"; };
		623A040228C697AD00816000 /* Assets.xcassets */ = {isa = PBXFileReference; lastKnownFileType = folder.assetcatalog; path = Assets.xcassets; sourceTree = "<group>"; };
		623A040528C697AD00816000 /* Base */ = {isa = PBXFileReference; lastKnownFileType = file.storyboard; name = Base; path = Base.lproj/LaunchScreen.storyboard; sourceTree = "<group>"; };
		623A040728C697AD00816000 /* Info.plist */ = {isa = PBXFileReference; lastKnownFileType = text.plist.xml; path = Info.plist; sourceTree = "<group>"; };
		623A040D28C6983F00816000 /* BaseTabBarController.swift */ = {isa = PBXFileReference; lastKnownFileType = sourcecode.swift; path = BaseTabBarController.swift; sourceTree = "<group>"; };
		623AA1B028C933AF00D5FA46 /* AppSearchController.swift */ = {isa = PBXFileReference; lastKnownFileType = sourcecode.swift; path = AppSearchController.swift; sourceTree = "<group>"; };
		6247CB2028E4EB340034A5D8 /* AppsGroupCell.swift */ = {isa = PBXFileReference; lastKnownFileType = sourcecode.swift; path = AppsGroupCell.swift; sourceTree = "<group>"; };
		6247CB2228E4F05F0034A5D8 /* AppsHorizontalController.swift */ = {isa = PBXFileReference; lastKnownFileType = sourcecode.swift; path = AppsHorizontalController.swift; sourceTree = "<group>"; };
		624CF0B228E8A0E00024BFFC /* AppsPageHeader.swift */ = {isa = PBXFileReference; lastKnownFileType = sourcecode.swift; path = AppsPageHeader.swift; sourceTree = "<group>"; };
		624CF0B428E8D5150024BFFC /* AppsHeaderHorizontalController.swift */ = {isa = PBXFileReference; lastKnownFileType = sourcecode.swift; path = AppsHeaderHorizontalController.swift; sourceTree = "<group>"; };
		624CF0B628E8DC630024BFFC /* AppsHeaderCell.swift */ = {isa = PBXFileReference; lastKnownFileType = sourcecode.swift; path = AppsHeaderCell.swift; sourceTree = "<group>"; };
		624CF0B828E9E26D0024BFFC /* AppGroup.swift */ = {isa = PBXFileReference; lastKnownFileType = sourcecode.swift; path = AppGroup.swift; sourceTree = "<group>"; };
		625158EE28F2E678009BC36A /* SocialApp.swift */ = {isa = PBXFileReference; lastKnownFileType = sourcecode.swift; path = SocialApp.swift; sourceTree = "<group>"; };
		625158F028F7362C009BC36A /* HorizontalSnappingController.swift */ = {isa = PBXFileReference; lastKnownFileType = sourcecode.swift; path = HorizontalSnappingController.swift; sourceTree = "<group>"; };
		625158F228F73D30009BC36A /* BetterSnappingLayout.swift */ = {isa = PBXFileReference; lastKnownFileType = sourcecode.swift; path = BetterSnappingLayout.swift; sourceTree = "<group>"; };
		6251EE9C28E638240025EEBA /* AppRowCell.swift */ = {isa = PBXFileReference; lastKnownFileType = sourcecode.swift; path = AppRowCell.swift; sourceTree = "<group>"; };
		6251EE9E28E639060025EEBA /* Extensions.swift */ = {isa = PBXFileReference; lastKnownFileType = sourcecode.swift; path = Extensions.swift; sourceTree = "<group>"; };
		62536FF328D5F5A90098E39C /* VerticalStackView.swift */ = {isa = PBXFileReference; lastKnownFileType = sourcecode.swift; path = VerticalStackView.swift; sourceTree = "<group>"; };
		62536FF628D717660098E39C /* SearchResult.swift */ = {isa = PBXFileReference; lastKnownFileType = sourcecode.swift; path = SearchResult.swift; sourceTree = "<group>"; };
		983F9DA7424E60CDFEE2F563 /* Pods_StoreApp.framework */ = {isa = PBXFileReference; explicitFileType = wrapper.framework; includeInIndex = 0; path = Pods_StoreApp.framework; sourceTree = BUILT_PRODUCTS_DIR; };
/* End PBXFileReference section */

/* Begin PBXFrameworksBuildPhase section */
		623A03F328C697AC00816000 /* Frameworks */ = {
			isa = PBXFrameworksBuildPhase;
			buildActionMask = 2147483647;
			files = (
				C1773B459DF2589245FE9E31 /* Pods_StoreApp.framework in Frameworks */,
			);
			runOnlyForDeploymentPostprocessing = 0;
		};
/* End PBXFrameworksBuildPhase section */

/* Begin PBXGroup section */
		1ABCC72DA286AC01CD1C64E6 /* Frameworks */ = {
			isa = PBXGroup;
			children = (
				983F9DA7424E60CDFEE2F563 /* Pods_StoreApp.framework */,
			);
			name = Frameworks;
			sourceTree = "<group>";
		};
		53D05ED7F1FF29F5233865C6 /* Pods */ = {
			isa = PBXGroup;
			children = (
				5F393FD865A755A81493FBBF /* Pods-StoreApp.debug.xcconfig */,
				21826B411E57A8C2DD3D0989 /* Pods-StoreApp.release.xcconfig */,
			);
			path = Pods;
			sourceTree = "<group>";
		};
		6225A5A928F8B8DE00B0B396 /* Details */ = {
			isa = PBXGroup;
			children = (
				6225A5AA28F8B8FB00B0B396 /* AppDetailController.swift */,
			);
			path = Details;
			sourceTree = "<group>";
		};
		622BDC7A28E25F140018067A /* Apps */ = {
			isa = PBXGroup;
			children = (
				6225A5A928F8B8DE00B0B396 /* Details */,
				622BDC7628E25D1D0018067A /* AppsPageController.swift */,
				6247CB2228E4F05F0034A5D8 /* AppsHorizontalController.swift */,
				624CF0B428E8D5150024BFFC /* AppsHeaderHorizontalController.swift */,
			);
			path = Apps;
			sourceTree = "<group>";
		};
		622BDC7B28E25F620018067A /* Search */ = {
			isa = PBXGroup;
			children = (
				623AA1B028C933AF00D5FA46 /* AppSearchController.swift */,
			);
			path = Search;
			sourceTree = "<group>";
		};
		6230239028CDE01F00E8014B /* Views */ = {
			isa = PBXGroup;
			children = (
				6247CB1F28E4EB150034A5D8 /* Apps */,
				6230239C28CE1B2000E8014B /* SearchResultCell.swift */,
			);
			path = Views;
			sourceTree = "<group>";
		};
		6230239328CE187800E8014B /* Helpers */ = {
			isa = PBXGroup;
			children = (
				6230239A28CE1AD000E8014B /* 05_UIView+Layout.swift */,
				62536FF328D5F5A90098E39C /* VerticalStackView.swift */,
				6251EE9E28E639060025EEBA /* Extensions.swift */,
				625158F228F73D30009BC36A /* BetterSnappingLayout.swift */,
			);
			path = Helpers;
			sourceTree = "<group>";
		};
		62395ED428D904CB006B222F /* Service */ = {
			isa = PBXGroup;
			children = (
				62395ED228D9031B006B222F /* Service.swift */,
			);
			path = Service;
			sourceTree = "<group>";
		};
		623A03ED28C697AC00816000 = {
			isa = PBXGroup;
			children = (
				623A03F828C697AC00816000 /* StoreApp */,
				623A03F728C697AC00816000 /* Products */,
				53D05ED7F1FF29F5233865C6 /* Pods */,
				1ABCC72DA286AC01CD1C64E6 /* Frameworks */,
			);
			sourceTree = "<group>";
		};
		623A03F728C697AC00816000 /* Products */ = {
			isa = PBXGroup;
			children = (
				623A03F628C697AC00816000 /* StoreApp.app */,
			);
			name = Products;
			sourceTree = "<group>";
		};
		623A03F828C697AC00816000 /* StoreApp */ = {
			isa = PBXGroup;
			children = (
				62395ED428D904CB006B222F /* Service */,
				62536FF528D7174C0098E39C /* Model */,
				623A03F928C697AC00816000 /* AppDelegate.swift */,
				6230239328CE187800E8014B /* Helpers */,
				6230239028CDE01F00E8014B /* Views */,
				623AA1AF28C9335700D5FA46 /* Controller */,
				623A03FF28C697AC00816000 /* Main.storyboard */,
				623A040228C697AD00816000 /* Assets.xcassets */,
				623A040428C697AD00816000 /* LaunchScreen.storyboard */,
				623A040728C697AD00816000 /* Info.plist */,
			);
			path = StoreApp;
			sourceTree = "<group>";
		};
		623AA1AF28C9335700D5FA46 /* Controller */ = {
			isa = PBXGroup;
			children = (
				622BDC7B28E25F620018067A /* Search */,
				622BDC7A28E25F140018067A /* Apps */,
				623A040D28C6983F00816000 /* BaseTabBarController.swift */,
				622BDC7828E25E340018067A /* BaseListController.swift */,
				623A03FD28C697AC00816000 /* ViewController.swift */,
				625158F028F7362C009BC36A /* HorizontalSnappingController.swift */,
			);
			path = Controller;
			sourceTree = "<group>";
		};
		6247CB1F28E4EB150034A5D8 /* Apps */ = {
			isa = PBXGroup;
			children = (
				6247CB2028E4EB340034A5D8 /* AppsGroupCell.swift */,
				6251EE9C28E638240025EEBA /* AppRowCell.swift */,
				624CF0B228E8A0E00024BFFC /* AppsPageHeader.swift */,
				624CF0B628E8DC630024BFFC /* AppsHeaderCell.swift */,
			);
			path = Apps;
			sourceTree = "<group>";
		};
		62536FF528D7174C0098E39C /* Model */ = {
			isa = PBXGroup;
			children = (
				62536FF628D717660098E39C /* SearchResult.swift */,
				624CF0B828E9E26D0024BFFC /* AppGroup.swift */,
				625158EE28F2E678009BC36A /* SocialApp.swift */,
			);
			path = Model;
			sourceTree = "<group>";
		};
/* End PBXGroup section */

/* Begin PBXNativeTarget section */
		623A03F528C697AC00816000 /* StoreApp */ = {
			isa = PBXNativeTarget;
			buildConfigurationList = 623A040A28C697AD00816000 /* Build configuration list for PBXNativeTarget "StoreApp" */;
			buildPhases = (
				24D83C1278F94C5BCBCB0ACA /* [CP] Check Pods Manifest.lock */,
				623A03F228C697AC00816000 /* Sources */,
				623A03F328C697AC00816000 /* Frameworks */,
				623A03F428C697AC00816000 /* Resources */,
				868615EEC3383C8B72F7F64C /* [CP] Embed Pods Frameworks */,
			);
			buildRules = (
			);
			dependencies = (
			);
			name = StoreApp;
			productName = StoreApp;
			productReference = 623A03F628C697AC00816000 /* StoreApp.app */;
			productType = "com.apple.product-type.application";
		};
/* End PBXNativeTarget section */

/* Begin PBXProject section */
		623A03EE28C697AC00816000 /* Project object */ = {
			isa = PBXProject;
			attributes = {
				BuildIndependentTargetsInParallel = 1;
				LastSwiftUpdateCheck = 1340;
				LastUpgradeCheck = 1340;
				TargetAttributes = {
					623A03F528C697AC00816000 = {
						CreatedOnToolsVersion = 13.4.1;
					};
				};
			};
			buildConfigurationList = 623A03F128C697AC00816000 /* Build configuration list for PBXProject "StoreApp" */;
			compatibilityVersion = "Xcode 13.0";
			developmentRegion = en;
			hasScannedForEncodings = 0;
			knownRegions = (
				en,
				Base,
			);
			mainGroup = 623A03ED28C697AC00816000;
			productRefGroup = 623A03F728C697AC00816000 /* Products */;
			projectDirPath = "";
			projectRoot = "";
			targets = (
				623A03F528C697AC00816000 /* StoreApp */,
			);
		};
/* End PBXProject section */

/* Begin PBXResourcesBuildPhase section */
		623A03F428C697AC00816000 /* Resources */ = {
			isa = PBXResourcesBuildPhase;
			buildActionMask = 2147483647;
			files = (
				623A040628C697AD00816000 /* LaunchScreen.storyboard in Resources */,
				623A040328C697AD00816000 /* Assets.xcassets in Resources */,
				623A040128C697AC00816000 /* Main.storyboard in Resources */,
			);
			runOnlyForDeploymentPostprocessing = 0;
		};
/* End PBXResourcesBuildPhase section */

/* Begin PBXShellScriptBuildPhase section */
		24D83C1278F94C5BCBCB0ACA /* [CP] Check Pods Manifest.lock */ = {
			isa = PBXShellScriptBuildPhase;
			buildActionMask = 2147483647;
			files = (
			);
			inputFileListPaths = (
			);
			inputPaths = (
				"${PODS_PODFILE_DIR_PATH}/Podfile.lock",
				"${PODS_ROOT}/Manifest.lock",
			);
			name = "[CP] Check Pods Manifest.lock";
			outputFileListPaths = (
			);
			outputPaths = (
				"$(DERIVED_FILE_DIR)/Pods-StoreApp-checkManifestLockResult.txt",
			);
			runOnlyForDeploymentPostprocessing = 0;
			shellPath = /bin/sh;
			shellScript = "diff \"${PODS_PODFILE_DIR_PATH}/Podfile.lock\" \"${PODS_ROOT}/Manifest.lock\" > /dev/null\nif [ $? != 0 ] ; then\n    # print error to STDERR\n    echo \"error: The sandbox is not in sync with the Podfile.lock. Run 'pod install' or update your CocoaPods installation.\" >&2\n    exit 1\nfi\n# This output is used by Xcode 'outputs' to avoid re-running this script phase.\necho \"SUCCESS\" > \"${SCRIPT_OUTPUT_FILE_0}\"\n";
			showEnvVarsInLog = 0;
		};
		868615EEC3383C8B72F7F64C /* [CP] Embed Pods Frameworks */ = {
			isa = PBXShellScriptBuildPhase;
			buildActionMask = 2147483647;
			files = (
			);
			inputFileListPaths = (
				"${PODS_ROOT}/Target Support Files/Pods-StoreApp/Pods-StoreApp-frameworks-${CONFIGURATION}-input-files.xcfilelist",
			);
			name = "[CP] Embed Pods Frameworks";
			outputFileListPaths = (
				"${PODS_ROOT}/Target Support Files/Pods-StoreApp/Pods-StoreApp-frameworks-${CONFIGURATION}-output-files.xcfilelist",
			);
			runOnlyForDeploymentPostprocessing = 0;
			shellPath = /bin/sh;
			shellScript = "\"${PODS_ROOT}/Target Support Files/Pods-StoreApp/Pods-StoreApp-frameworks.sh\"\n";
			showEnvVarsInLog = 0;
		};
/* End PBXShellScriptBuildPhase section */

/* Begin PBXSourcesBuildPhase section */
		623A03F228C697AC00816000 /* Sources */ = {
			isa = PBXSourcesBuildPhase;
			buildActionMask = 2147483647;
			files = (
				623A040E28C6983F00816000 /* BaseTabBarController.swift in Sources */,
				625158F328F73D30009BC36A /* BetterSnappingLayout.swift in Sources */,
				6230239B28CE1AD000E8014B /* 05_UIView+Layout.swift in Sources */,
				625158EF28F2E678009BC36A /* SocialApp.swift in Sources */,
				62536FF728D717660098E39C /* SearchResult.swift in Sources */,
				624CF0B928E9E26D0024BFFC /* AppGroup.swift in Sources */,
				622BDC7728E25D1D0018067A /* AppsPageController.swift in Sources */,
				623A03FE28C697AC00816000 /* ViewController.swift in Sources */,
				622BDC7928E25E340018067A /* BaseListController.swift in Sources */,
				6251EE9D28E638240025EEBA /* AppRowCell.swift in Sources */,
				623A03FA28C697AC00816000 /* AppDelegate.swift in Sources */,
				6247CB2128E4EB340034A5D8 /* AppsGroupCell.swift in Sources */,
				624CF0B328E8A0E00024BFFC /* AppsPageHeader.swift in Sources */,
				624CF0B728E8DC630024BFFC /* AppsHeaderCell.swift in Sources */,
				62395ED328D9031B006B222F /* Service.swift in Sources */,
				6251EE9F28E639060025EEBA /* Extensions.swift in Sources */,
				6230239D28CE1B2000E8014B /* SearchResultCell.swift in Sources */,
				623AA1B128C933AF00D5FA46 /* AppSearchController.swift in Sources */,
				6225A5AB28F8B8FB00B0B396 /* AppDetailController.swift in Sources */,
				625158F128F7362C009BC36A /* HorizontalSnappingController.swift in Sources */,
				6247CB2328E4F05F0034A5D8 /* AppsHorizontalController.swift in Sources */,
				62536FF428D5F5A90098E39C /* VerticalStackView.swift in Sources */,
				624CF0B528E8D5150024BFFC /* AppsHeaderHorizontalController.swift in Sources */,
			);
			runOnlyForDeploymentPostprocessing = 0;
		};
/* End PBXSourcesBuildPhase section */

/* Begin PBXVariantGroup section */
		623A03FF28C697AC00816000 /* Main.storyboard */ = {
			isa = PBXVariantGroup;
			children = (
				623A040028C697AC00816000 /* Base */,
			);
			name = Main.storyboard;
			sourceTree = "<group>";
		};
		623A040428C697AD00816000 /* LaunchScreen.storyboard */ = {
			isa = PBXVariantGroup;
			children = (
				623A040528C697AD00816000 /* Base */,
			);
			name = LaunchScreen.storyboard;
			sourceTree = "<group>";
		};
/* End PBXVariantGroup section */

/* Begin XCBuildConfiguration section */
		623A040828C697AD00816000 /* Debug */ = {
			isa = XCBuildConfiguration;
			buildSettings = {
				ALWAYS_SEARCH_USER_PATHS = NO;
				CLANG_ANALYZER_NONNULL = YES;
				CLANG_ANALYZER_NUMBER_OBJECT_CONVERSION = YES_AGGRESSIVE;
				CLANG_CXX_LANGUAGE_STANDARD = "gnu++17";
				CLANG_ENABLE_MODULES = YES;
				CLANG_ENABLE_OBJC_ARC = YES;
				CLANG_ENABLE_OBJC_WEAK = YES;
				CLANG_WARN_BLOCK_CAPTURE_AUTORELEASING = YES;
				CLANG_WARN_BOOL_CONVERSION = YES;
				CLANG_WARN_COMMA = YES;
				CLANG_WARN_CONSTANT_CONVERSION = YES;
				CLANG_WARN_DEPRECATED_OBJC_IMPLEMENTATIONS = YES;
				CLANG_WARN_DIRECT_OBJC_ISA_USAGE = YES_ERROR;
				CLANG_WARN_DOCUMENTATION_COMMENTS = YES;
				CLANG_WARN_EMPTY_BODY = YES;
				CLANG_WARN_ENUM_CONVERSION = YES;
				CLANG_WARN_INFINITE_RECURSION = YES;
				CLANG_WARN_INT_CONVERSION = YES;
				CLANG_WARN_NON_LITERAL_NULL_CONVERSION = YES;
				CLANG_WARN_OBJC_IMPLICIT_RETAIN_SELF = YES;
				CLANG_WARN_OBJC_LITERAL_CONVERSION = YES;
				CLANG_WARN_OBJC_ROOT_CLASS = YES_ERROR;
				CLANG_WARN_QUOTED_INCLUDE_IN_FRAMEWORK_HEADER = YES;
				CLANG_WARN_RANGE_LOOP_ANALYSIS = YES;
				CLANG_WARN_STRICT_PROTOTYPES = YES;
				CLANG_WARN_SUSPICIOUS_MOVE = YES;
				CLANG_WARN_UNGUARDED_AVAILABILITY = YES_AGGRESSIVE;
				CLANG_WARN_UNREACHABLE_CODE = YES;
				CLANG_WARN__DUPLICATE_METHOD_MATCH = YES;
				COPY_PHASE_STRIP = NO;
				DEBUG_INFORMATION_FORMAT = dwarf;
				ENABLE_STRICT_OBJC_MSGSEND = YES;
				ENABLE_TESTABILITY = YES;
				GCC_C_LANGUAGE_STANDARD = gnu11;
				GCC_DYNAMIC_NO_PIC = NO;
				GCC_NO_COMMON_BLOCKS = YES;
				GCC_OPTIMIZATION_LEVEL = 0;
				GCC_PREPROCESSOR_DEFINITIONS = (
					"DEBUG=1",
					"$(inherited)",
				);
				GCC_WARN_64_TO_32_BIT_CONVERSION = YES;
				GCC_WARN_ABOUT_RETURN_TYPE = YES_ERROR;
				GCC_WARN_UNDECLARED_SELECTOR = YES;
				GCC_WARN_UNINITIALIZED_AUTOS = YES_AGGRESSIVE;
				GCC_WARN_UNUSED_FUNCTION = YES;
				GCC_WARN_UNUSED_VARIABLE = YES;
				IPHONEOS_DEPLOYMENT_TARGET = 16.0;
				MTL_ENABLE_DEBUG_INFO = INCLUDE_SOURCE;
				MTL_FAST_MATH = YES;
				ONLY_ACTIVE_ARCH = YES;
				SDKROOT = iphoneos;
				SWIFT_ACTIVE_COMPILATION_CONDITIONS = DEBUG;
				SWIFT_OPTIMIZATION_LEVEL = "-Onone";
			};
			name = Debug;
		};
		623A040928C697AD00816000 /* Release */ = {
			isa = XCBuildConfiguration;
			buildSettings = {
				ALWAYS_SEARCH_USER_PATHS = NO;
				CLANG_ANALYZER_NONNULL = YES;
				CLANG_ANALYZER_NUMBER_OBJECT_CONVERSION = YES_AGGRESSIVE;
				CLANG_CXX_LANGUAGE_STANDARD = "gnu++17";
				CLANG_ENABLE_MODULES = YES;
				CLANG_ENABLE_OBJC_ARC = YES;
				CLANG_ENABLE_OBJC_WEAK = YES;
				CLANG_WARN_BLOCK_CAPTURE_AUTORELEASING = YES;
				CLANG_WARN_BOOL_CONVERSION = YES;
				CLANG_WARN_COMMA = YES;
				CLANG_WARN_CONSTANT_CONVERSION = YES;
				CLANG_WARN_DEPRECATED_OBJC_IMPLEMENTATIONS = YES;
				CLANG_WARN_DIRECT_OBJC_ISA_USAGE = YES_ERROR;
				CLANG_WARN_DOCUMENTATION_COMMENTS = YES;
				CLANG_WARN_EMPTY_BODY = YES;
				CLANG_WARN_ENUM_CONVERSION = YES;
				CLANG_WARN_INFINITE_RECURSION = YES;
				CLANG_WARN_INT_CONVERSION = YES;
				CLANG_WARN_NON_LITERAL_NULL_CONVERSION = YES;
				CLANG_WARN_OBJC_IMPLICIT_RETAIN_SELF = YES;
				CLANG_WARN_OBJC_LITERAL_CONVERSION = YES;
				CLANG_WARN_OBJC_ROOT_CLASS = YES_ERROR;
				CLANG_WARN_QUOTED_INCLUDE_IN_FRAMEWORK_HEADER = YES;
				CLANG_WARN_RANGE_LOOP_ANALYSIS = YES;
				CLANG_WARN_STRICT_PROTOTYPES = YES;
				CLANG_WARN_SUSPICIOUS_MOVE = YES;
				CLANG_WARN_UNGUARDED_AVAILABILITY = YES_AGGRESSIVE;
				CLANG_WARN_UNREACHABLE_CODE = YES;
				CLANG_WARN__DUPLICATE_METHOD_MATCH = YES;
				COPY_PHASE_STRIP = NO;
				DEBUG_INFORMATION_FORMAT = "dwarf-with-dsym";
				ENABLE_NS_ASSERTIONS = NO;
				ENABLE_STRICT_OBJC_MSGSEND = YES;
				GCC_C_LANGUAGE_STANDARD = gnu11;
				GCC_NO_COMMON_BLOCKS = YES;
				GCC_WARN_64_TO_32_BIT_CONVERSION = YES;
				GCC_WARN_ABOUT_RETURN_TYPE = YES_ERROR;
				GCC_WARN_UNDECLARED_SELECTOR = YES;
				GCC_WARN_UNINITIALIZED_AUTOS = YES_AGGRESSIVE;
				GCC_WARN_UNUSED_FUNCTION = YES;
				GCC_WARN_UNUSED_VARIABLE = YES;
				IPHONEOS_DEPLOYMENT_TARGET = 16.0;
				MTL_ENABLE_DEBUG_INFO = NO;
				MTL_FAST_MATH = YES;
				SDKROOT = iphoneos;
				SWIFT_COMPILATION_MODE = wholemodule;
				SWIFT_OPTIMIZATION_LEVEL = "-O";
				VALIDATE_PRODUCT = YES;
			};
			name = Release;
		};
		623A040B28C697AD00816000 /* Debug */ = {
			isa = XCBuildConfiguration;
			baseConfigurationReference = 5F393FD865A755A81493FBBF /* Pods-StoreApp.debug.xcconfig */;
			buildSettings = {
				ASSETCATALOG_COMPILER_APPICON_NAME = AppIcon;
				ASSETCATALOG_COMPILER_GLOBAL_ACCENT_COLOR_NAME = AccentColor;
				CODE_SIGN_STYLE = Automatic;
				CURRENT_PROJECT_VERSION = 1;
				DEVELOPMENT_TEAM = NCLYPRY2T5;
				GENERATE_INFOPLIST_FILE = YES;
				INFOPLIST_FILE = StoreApp/Info.plist;
				INFOPLIST_KEY_UIApplicationSupportsIndirectInputEvents = YES;
				INFOPLIST_KEY_UILaunchStoryboardName = LaunchScreen;
				INFOPLIST_KEY_UIMainStoryboardFile = Main;
				INFOPLIST_KEY_UIStatusBarStyle = "";
				INFOPLIST_KEY_UISupportedInterfaceOrientations_iPad = "UIInterfaceOrientationPortrait UIInterfaceOrientationPortraitUpsideDown UIInterfaceOrientationLandscapeLeft UIInterfaceOrientationLandscapeRight";
				INFOPLIST_KEY_UISupportedInterfaceOrientations_iPhone = "UIInterfaceOrientationPortrait UIInterfaceOrientationLandscapeLeft UIInterfaceOrientationLandscapeRight";
				LD_RUNPATH_SEARCH_PATHS = (
					"$(inherited)",
					"@executable_path/Frameworks",
				);
				MARKETING_VERSION = 1.0;
				PRODUCT_BUNDLE_IDENTIFIER = com.andreybulganin.StoreApp;
				PRODUCT_NAME = "$(TARGET_NAME)";
				SWIFT_EMIT_LOC_STRINGS = YES;
				SWIFT_VERSION = 5.0;
				TARGETED_DEVICE_FAMILY = 1;
			};
			name = Debug;
		};
		623A040C28C697AD00816000 /* Release */ = {
			isa = XCBuildConfiguration;
			baseConfigurationReference = 21826B411E57A8C2DD3D0989 /* Pods-StoreApp.release.xcconfig */;
			buildSettings = {
				ASSETCATALOG_COMPILER_APPICON_NAME = AppIcon;
				ASSETCATALOG_COMPILER_GLOBAL_ACCENT_COLOR_NAME = AccentColor;
				CODE_SIGN_STYLE = Automatic;
				CURRENT_PROJECT_VERSION = 1;
				DEVELOPMENT_TEAM = NCLYPRY2T5;
				GENERATE_INFOPLIST_FILE = YES;
				INFOPLIST_FILE = StoreApp/Info.plist;
				INFOPLIST_KEY_UIApplicationSupportsIndirectInputEvents = YES;
				INFOPLIST_KEY_UILaunchStoryboardName = LaunchScreen;
				INFOPLIST_KEY_UIMainStoryboardFile = Main;
				INFOPLIST_KEY_UIStatusBarStyle = "";
				INFOPLIST_KEY_UISupportedInterfaceOrientations_iPad = "UIInterfaceOrientationPortrait UIInterfaceOrientationPortraitUpsideDown UIInterfaceOrientationLandscapeLeft UIInterfaceOrientationLandscapeRight";
				INFOPLIST_KEY_UISupportedInterfaceOrientations_iPhone = "UIInterfaceOrientationPortrait UIInterfaceOrientationLandscapeLeft UIInterfaceOrientationLandscapeRight";
				LD_RUNPATH_SEARCH_PATHS = (
					"$(inherited)",
					"@executable_path/Frameworks",
				);
				MARKETING_VERSION = 1.0;
				PRODUCT_BUNDLE_IDENTIFIER = com.andreybulganin.StoreApp;
				PRODUCT_NAME = "$(TARGET_NAME)";
				SWIFT_EMIT_LOC_STRINGS = YES;
				SWIFT_VERSION = 5.0;
				TARGETED_DEVICE_FAMILY = 1;
			};
			name = Release;
		};
/* End XCBuildConfiguration section */

/* Begin XCConfigurationList section */
		623A03F128C697AC00816000 /* Build configuration list for PBXProject "StoreApp" */ = {
			isa = XCConfigurationList;
			buildConfigurations = (
				623A040828C697AD00816000 /* Debug */,
				623A040928C697AD00816000 /* Release */,
			);
			defaultConfigurationIsVisible = 0;
			defaultConfigurationName = Release;
		};
		623A040A28C697AD00816000 /* Build configuration list for PBXNativeTarget "StoreApp" */ = {
			isa = XCConfigurationList;
			buildConfigurations = (
				623A040B28C697AD00816000 /* Debug */,
				623A040C28C697AD00816000 /* Release */,
			);
			defaultConfigurationIsVisible = 0;
			defaultConfigurationName = Release;
		};
/* End XCConfigurationList section */
	};
	rootObject = 623A03EE28C697AC00816000 /* Project object */;
}
